schema: '2.0'
stages:
  prepare:
    cmd: python src/prepare.py data/data.xml
    deps:
    - path: data/data.xml
      md5: a304afb96060aad90176268345e10355
      size: 37891850
    - path: src/prepare.py
      md5: 51549a1c87b182ebdd785704f56ffaf1
      size: 1581
    params:
      params.yaml:
        prepare.seed: 20170428
        prepare.split: 0.2
    outs:
    - path: data/prepared
      md5: 20b786b6e6f80e2b3fcf17827ad18597.dir
      size: 23861319
      nfiles: 2
  featurize:
    cmd: python src/featurization.py data/prepared data/features
    deps:
    - path: data/prepared
      md5: 20b786b6e6f80e2b3fcf17827ad18597.dir
      size: 23861319
      nfiles: 2
    - path: src/featurization.py
      md5: e91d80f9b1d08e67c0891020715b3c99
      size: 2414
    params:
      params.yaml:
        featurize.max_features: 800
        featurize.ngrams: 4
    outs:
    - path: data/features
      md5: 58b41cae9dc6d69994a9dd280bd87523.dir
      size: 9389435
      nfiles: 2
  train:
    cmd: python src/train.py data/features model.pkl
    deps:
    - path: data/features
      md5: 58b41cae9dc6d69994a9dd280bd87523.dir
      size: 9389435
      nfiles: 2
    - path: src/train.py
      md5: 9ab95496b29b6ea3418bbf20b9fe3473
      size: 964
    params:
      params.yaml:
        train.min_split: 88
        train.n_est: 250
        train.seed: 20170428
    outs:
    - path: model.pkl
      md5: baf739a36b5b90a68627e265d2c11a5b
      size: 4877684
  evaluate:
    cmd: python src/evaluate.py model.pkl data/features scores.json prc.json roc.json
    deps:
    - path: data/features
      md5: 58b41cae9dc6d69994a9dd280bd87523.dir
      size: 9389435
      nfiles: 2
    - path: model.pkl
      md5: baf739a36b5b90a68627e265d2c11a5b
      size: 4877684
    - path: src/evaluate.py
      md5: fb7b5209c9237ea6cf63550e5fe9b817
      size: 1943
    outs:
    - path: prc.json
      md5: 303471e4d812701acea0074c50edf075
      size: 141839
    - path: roc.json
      md5: b0b313bda6da3804933b44467e02a2df
      size: 23707
    - path: scores.json
      md5: 8b830f4290307882cb920914f1e8fefe
      size: 73
  test-mnist:
    cmd: python test_mnist.py
    deps:
    - path: test_mnist.py
      md5: bc1c5206552867a0f8244706f243341d
      size: 1513
    outs:
    - path: training_metrics
      md5: fb76d293ba14787e2f7b86a68d76df7b.dir
      size: 531
      nfiles: 4
